github.com/dgrijalva/jwt-go v3.2.0+incompatible h1:7qlOGliEKZXTDg6OTjfoBKDXWrumCAMpl/TFQ4/5kLM=
github.com/dgrijalva/jwt-go v3.2.0+incompatible/go.mod h1:E3ru+11k8xSBh+hMPgOLZmtrrCbhqsmaPHjLKYnJCaQ=
github.com/gorilla/mux v1.7.3 h1:gnP5JzjVOuiZD07fKKToCAOjS0yOpj/qPETTXCCS6hw=
github.com/gorilla/mux v1.7.3/go.mod h1:1lud6UwP+6orDFRuTfBEV8e9/aOM/c4fVVCaMa2zaAs=
github.com/louisevanderlith/droxolite v1.6.0 h1:ur8blghGLZDhpOpV9FM7pRlHFUDi6nYw1hKghSrftO0=
github.com/louisevanderlith/droxolite v1.6.0/go.mod h1:4MGmNynabJT1TDKQO0lGxMv9TNoWQ3+b2W98wK/mESk=
github.com/louisevanderlith/droxolite v1.6.1 h1:gk9Zu/qpYm5VhBJ/Art9mOioYCnOMWycCA10ebWHx6M=
github.com/louisevanderlith/droxolite v1.6.1/go.mod h1:QR1zrF+2ViV+b2X4MnqZHLqjI3H48G1GYwGQmtpRB08=
github.com/louisevanderlith/droxolite v1.6.4 h1:dgb3qq7O1cP+h7mhyC6DUNB20+CdnEn0IB3Ng5L69G0=
github.com/louisevanderlith/droxolite v1.6.4/go.mod h1:QR1zrF+2ViV+b2X4MnqZHLqjI3H48G1GYwGQmtpRB08=
github.com/louisevanderlith/husk v0.6.25 h1:QfO71voenofBx8DC0pw8f1zy/S5fHfiBIY5oN/cnTbE=
github.com/louisevanderlith/husk v0.6.25/go.mod h1:FiREVNZW48kA++iCekTEqFLcpe1m31+FQhd1ePm0YLA=
github.com/louisevanderlith/husk v0.6.26 h1:a1xVECvJCXiCwlp8cAiGafKxcl0sF8GFNWbpGmAadiM=
github.com/louisevanderlith/husk v0.6.26/go.mod h1:pGAPhpNC+raC0SvX2nR2+mDLUrmIJ+iyP6yt7SFQR+M=
github.com/rs/cors v1.6.0 h1:G9tHG9lebljV9mfp9SNPDL36nCDxmo3zTlAf1YgvzmI=
github.com/rs/cors v1.6.0/go.mod h1:gFx+x8UowdsKA9AchylcLynDq+nNFfI8FkUZdN/jGCU=
